
Microsoft Visual Studio Solution File, Format Version 12.00
# Visual Studio Version 17
VisualStudioVersion = 17.9.34622.214
MinimumVisualStudioVersion = 10.0.40219.1
Project("{FAE04EC0-301F-11D3-BF4B-00C04F79EFBC}") = "15", "15.csproj", "{0189C291-E95E-4DFD-BAFF-7BAE02C26BCC}"
EndProject
Global
	GlobalSection(SolutionConfigurationPlatforms) = preSolution
		Debug|Any CPU = Debug|Any CPU
		Release|Any CPU = Release|Any CPU
	EndGlobalSection
	GlobalSection(ProjectConfigurationPlatforms) = postSolution
		{0189C291-E95E-4DFD-BAFF-7BAE02C26BCC}.Debug|Any CPU.ActiveCfg = Debug|Any CPU
		{0189C291-E95E-4DFD-BAFF-7BAE02C26BCC}.Debug|Any CPU.Build.0 = Debug|Any CPU
		{0189C291-E95E-4DFD-BAFF-7BAE02C26BCC}.Release|Any CPU.ActiveCfg = Release|Any CPU
		{0189C291-E95E-4DFD-BAFF-7BAE02C26BCC}.Release|Any CPU.Build.0 = Release|Any CPU
	EndGlobalSection
	GlobalSection(SolutionProperties) = preSolution
		HideSolutionNode = FALSE
	EndGlobalSection
	GlobalSection(ExtensibilityGlobals) = postSolution
		SolutionGuid = {37345C20-F0D5-4AE1-A87A-915D02FAD6FD}
	EndGlobalSection
EndGlobal
