
Microsoft Visual Studio Solution File, Format Version 12.00
# Visual Studio Version 17
VisualStudioVersion = 17.5.33424.131
MinimumVisualStudioVersion = 10.0.40219.1
Project("{FAE04EC0-301F-11D3-BF4B-00C04F79EFBC}") = "6", "6.csproj", "{5556C942-AEC8-480F-B62B-9354DF9A73D5}"
EndProject
Global
	GlobalSection(SolutionConfigurationPlatforms) = preSolution
		Debug|Any CPU = Debug|Any CPU
		Release|Any CPU = Release|Any CPU
	EndGlobalSection
	GlobalSection(ProjectConfigurationPlatforms) = postSolution
		{5556C942-AEC8-480F-B62B-9354DF9A73D5}.Debug|Any CPU.ActiveCfg = Debug|Any CPU
		{5556C942-AEC8-480F-B62B-9354DF9A73D5}.Debug|Any CPU.Build.0 = Debug|Any CPU
		{5556C942-AEC8-480F-B62B-9354DF9A73D5}.Release|Any CPU.ActiveCfg = Release|Any CPU
		{5556C942-AEC8-480F-B62B-9354DF9A73D5}.Release|Any CPU.Build.0 = Release|Any CPU
	EndGlobalSection
	GlobalSection(SolutionProperties) = preSolution
		HideSolutionNode = FALSE
	EndGlobalSection
	GlobalSection(ExtensibilityGlobals) = postSolution
		SolutionGuid = {46445287-AF15-4FD6-B74C-D2885CE5322C}
	EndGlobalSection
EndGlobal
