
Microsoft Visual Studio Solution File, Format Version 12.00
# Visual Studio Version 17
VisualStudioVersion = 17.9.34622.214
MinimumVisualStudioVersion = 10.0.40219.1
Project("{FAE04EC0-301F-11D3-BF4B-00C04F79EFBC}") = "Question 8", "Question 8.csproj", "{606A2D61-35B0-49C7-8945-465A3B45AD53}"
EndProject
Global
	GlobalSection(SolutionConfigurationPlatforms) = preSolution
		Debug|Any CPU = Debug|Any CPU
		Release|Any CPU = Release|Any CPU
	EndGlobalSection
	GlobalSection(ProjectConfigurationPlatforms) = postSolution
		{606A2D61-35B0-49C7-8945-465A3B45AD53}.Debug|Any CPU.ActiveCfg = Debug|Any CPU
		{606A2D61-35B0-49C7-8945-465A3B45AD53}.Debug|Any CPU.Build.0 = Debug|Any CPU
		{606A2D61-35B0-49C7-8945-465A3B45AD53}.Release|Any CPU.ActiveCfg = Release|Any CPU
		{606A2D61-35B0-49C7-8945-465A3B45AD53}.Release|Any CPU.Build.0 = Release|Any CPU
	EndGlobalSection
	GlobalSection(SolutionProperties) = preSolution
		HideSolutionNode = FALSE
	EndGlobalSection
	GlobalSection(ExtensibilityGlobals) = postSolution
		SolutionGuid = {7EE94A93-3488-4F0B-8929-22B1BF4C99F4}
	EndGlobalSection
EndGlobal
