
Microsoft Visual Studio Solution File, Format Version 12.00
# Visual Studio Version 17
VisualStudioVersion = 17.8.34330.188
MinimumVisualStudioVersion = 10.0.40219.1
Project("{FAE04EC0-301F-11D3-BF4B-00C04F79EFBC}") = "8.2", "8.2\8.2.csproj", "{A609730A-B56F-4AB1-AD8C-AEE4EEF67088}"
EndProject
Project("{2150E333-8FDC-42A3-9474-1A3956D46DE8}") = "Solution Items", "Solution Items", "{A871DFC7-99D7-4E3B-8E89-AD02B03A01CF}"
	ProjectSection(SolutionItems) = preProject
		.editorconfig = .editorconfig
	EndProjectSection
EndProject
Global
	GlobalSection(SolutionConfigurationPlatforms) = preSolution
		Debug|Any CPU = Debug|Any CPU
		Release|Any CPU = Release|Any CPU
	EndGlobalSection
	GlobalSection(ProjectConfigurationPlatforms) = postSolution
		{A609730A-B56F-4AB1-AD8C-AEE4EEF67088}.Debug|Any CPU.ActiveCfg = Debug|Any CPU
		{A609730A-B56F-4AB1-AD8C-AEE4EEF67088}.Debug|Any CPU.Build.0 = Debug|Any CPU
		{A609730A-B56F-4AB1-AD8C-AEE4EEF67088}.Release|Any CPU.ActiveCfg = Release|Any CPU
		{A609730A-B56F-4AB1-AD8C-AEE4EEF67088}.Release|Any CPU.Build.0 = Release|Any CPU
	EndGlobalSection
	GlobalSection(SolutionProperties) = preSolution
		HideSolutionNode = FALSE
	EndGlobalSection
	GlobalSection(ExtensibilityGlobals) = postSolution
		SolutionGuid = {CC366098-2F10-4C82-B45B-0A3E0B599D59}
	EndGlobalSection
EndGlobal
