
Microsoft Visual Studio Solution File, Format Version 12.00
# Visual Studio Version 17
VisualStudioVersion = 17.5.33424.131
MinimumVisualStudioVersion = 10.0.40219.1
Project("{FAE04EC0-301F-11D3-BF4B-00C04F79EFBC}") = "2", "2.csproj", "{4BB373E0-075A-4BF9-9BA8-30288FB2EC34}"
EndProject
Global
	GlobalSection(SolutionConfigurationPlatforms) = preSolution
		Debug|Any CPU = Debug|Any CPU
		Release|Any CPU = Release|Any CPU
	EndGlobalSection
	GlobalSection(ProjectConfigurationPlatforms) = postSolution
		{4BB373E0-075A-4BF9-9BA8-30288FB2EC34}.Debug|Any CPU.ActiveCfg = Debug|Any CPU
		{4BB373E0-075A-4BF9-9BA8-30288FB2EC34}.Debug|Any CPU.Build.0 = Debug|Any CPU
		{4BB373E0-075A-4BF9-9BA8-30288FB2EC34}.Release|Any CPU.ActiveCfg = Release|Any CPU
		{4BB373E0-075A-4BF9-9BA8-30288FB2EC34}.Release|Any CPU.Build.0 = Release|Any CPU
	EndGlobalSection
	GlobalSection(SolutionProperties) = preSolution
		HideSolutionNode = FALSE
	EndGlobalSection
	GlobalSection(ExtensibilityGlobals) = postSolution
		SolutionGuid = {7DE64206-A0C3-4C66-BFD3-93B4353C08F7}
	EndGlobalSection
EndGlobal
